github.com/Arafatk/glot v0.0.0-20180312013246-79d5219000f0 h1:buG0FAUZtOwl9c+RdnQo3cfZhTnY2OY24J3t+jpeb9Y=
github.com/Arafatk/glot v0.0.0-20180312013246-79d5219000f0/go.mod h1:o0O8gFiTfVp4g5QcQJ1iMLw6ROiy9BITaiBbEiwz9h8=
github.com/cdipaolo/goml v0.0.0-20190412180403-e1f51f713598 h1:j2XRGH5Y5uWtBYXGwmrjKeM/kfu/jh7ZcnrGvyN5Ttk=
github.com/cdipaolo/goml v0.0.0-20190412180403-e1f51f713598/go.mod h1:sduMkaHcXDIWurl/Bd/z0rNEUHw5tr6LUA9IO8E9o0o=
github.com/cdipaolo/sentiment v0.0.0-20200617002423-c697f64e7f10 h1:6dGQY3apkf7lG3a1UFhS6grlo009buPFVy79RvNVUF4=
github.com/cdipaolo/sentiment v0.0.0-20200617002423-c697f64e7f10/go.mod h1:JWoVf4GJxCxM3iCiZSVoXNMV+JFG49L+ou70KK3HTvQ=
golang.org/x/text v0.3.3 h1:cokOdA+Jmi5PJGXLlLllQSgYigAEfHXJAERHVMaCc2k=
golang.org/x/text v0.3.3/go.mod h1:5Zoc/QRtKVWzQhOtBMvqHzDpF6irO9z98xDceosuGiQ=
golang.org/x/tools v0.0.0-20180917221912-90fa682c2a6e/go.mod h1:n7NCudcB/nEzxVGmLbDWY5pfWTLqBcC2KZ6jyYvM4mQ=
